<Solution>
  <Project Path="TransGo.Audio.Windows/TransGo.Audio.Windows.csproj" />
  <Project Path="TransGo.Core/TransGo.Core.csproj" />
  <Project Path="TransGo.Speech.Google/TransGo.Speech.Google.csproj" Id="d9371c1c-2916-4fff-b44b-d50d68c8252e" />
  <Project Path="TransGo.Windows/TransGo.Windows.csproj" />
</Solution>
